<?xml version="1.0" encoding="utf-8"?>
<Project ToolsVersion="4.0" xmlns="http://schemas.microsoft.com/developer/msbuild/2003">
  <ItemGroup>
    <Filter Include="Source">
      <UniqueIdentifier>{4FC737F1-C7A5-4376-A066-2A32D752A2FF}</UniqueIdentifier>
      <Extensions>cpp;c;cc;cxx;def;odl;idl;hpj;bat;asm;asmx</Extensions>
    </Filter>
    <Filter Include="Document">
      <UniqueIdentifier>{0a16abce-88d7-4b38-8731-780cd3af80d8}</UniqueIdentifier>
    </Filter>
    <Filter Include="Source\NotMoon">
      <UniqueIdentifier>{bdcb13b2-2fc0-4cff-9d03-d17fb5e0bc80}</UniqueIdentifier>
    </Filter>
    <Filter Include="Source\NotMoon\Json">
      <UniqueIdentifier>{388ab584-fb3c-4a1a-8a57-eb376fad4c4a}</UniqueIdentifier>
    </Filter>
    <Filter Include="Source\NotMoon\Debug">
      <UniqueIdentifier>{cabff91a-5628-410d-9616-420852b0094c}</UniqueIdentifier>
    </Filter>
    <Filter Include="Source\NotMoon\Exception">
      <UniqueIdentifier>{097647a5-fbe5-4871-a141-6d0b94ac050c}</UniqueIdentifier>
    </Filter>
    <Filter Include="Source\Sample">
      <UniqueIdentifier>{dfa90828-aad6-4de1-b826-6957a804725c}</UniqueIdentifier>
    </Filter>
    <Filter Include="Source\NotMoon\Meta">
      <UniqueIdentifier>{eb5984bb-bf60-4bf4-99ae-c15e92267538}</UniqueIdentifier>
    </Filter>
  </ItemGroup>
  <ItemGroup>
    <None Include="..\README.md">
      <Filter>Document</Filter>
    </None>
    <None Include="Sample\Sample.json">
      <Filter>Source\Sample</Filter>
    </None>
  </ItemGroup>
  <ItemGroup>
    <ClInclude Include="NotMoon\Json.hpp">
      <Filter>Source\NotMoon</Filter>
    </ClInclude>
    <ClInclude Include="NotMoon\Json\Allocator.hpp">
      <Filter>Source\NotMoon\Json</Filter>
    </ClInclude>
    <ClInclude Include="NotMoon\Json\Array.hpp">
      <Filter>Source\NotMoon\Json</Filter>
    </ClInclude>
    <ClInclude Include="NotMoon\Json\Chunk.hpp">
      <Filter>Source\NotMoon\Json</Filter>
    </ClInclude>
    <ClInclude Include="NotMoon\Json\Exception.hpp">
      <Filter>Source\NotMoon\Json</Filter>
    </ClInclude>
    <ClInclude Include="NotMoon\Json\Object.hpp">
      <Filter>Source\NotMoon\Json</Filter>
    </ClInclude>
    <ClInclude Include="NotMoon\Json\Parser.hpp">
      <Filter>Source\NotMoon\Json</Filter>
    </ClInclude>
    <ClInclude Include="NotMoon\Json\Reader.hpp">
      <Filter>Source\NotMoon\Json</Filter>
    </ClInclude>
    <ClInclude Include="NotMoon\Json\StringBuffer.hpp">
      <Filter>Source\NotMoon\Json</Filter>
    </ClInclude>
    <ClInclude Include="NotMoon\Json\Value.hpp">
      <Filter>Source\NotMoon\Json</Filter>
    </ClInclude>
    <ClInclude Include="NotMoon\Debug\Debug.hpp">
      <Filter>Source\NotMoon\Debug</Filter>
    </ClInclude>
    <ClInclude Include="NotMoon\Exception\Exception.hpp">
      <Filter>Source\NotMoon\Exception</Filter>
    </ClInclude>
    <ClInclude Include="NotMoon\Meta\Meta.hpp">
      <Filter>Source\NotMoon\Meta</Filter>
    </ClInclude>
  </ItemGroup>
  <ItemGroup>
    <ClCompile Include="Sample\Sample.cpp">
      <Filter>Source\Sample</Filter>
    </ClCompile>
  </ItemGroup>
</Project>